{
    "_readme": [
        "This file locks the dependencies of your project to a known state",
        "Read more about it at https://getcomposer.org/doc/01-basic-usage.md#installing-dependencies",
        "This file is @generated automatically"
    ],
    "content-hash": "40f842778baf448109fda42d9a123777",
    "packages": [
        {
            "name": "imarno/php-instance",
            "version": "v1.0.1",
            "source": {
                "type": "git",
                "url": "https://github.com/imarno/php-instance.git",
                "reference": "7bdc96d31270ac2778ce6bd484065ac345b254de"
            },
            "dist": {
                "type": "zip",
                "url": "https://api.github.com/repos/imarno/php-instance/zipball/7bdc96d31270ac2778ce6bd484065ac345b254de",
                "reference": "7bdc96d31270ac2778ce6bd484065ac345b254de",
                "shasum": ""
            },
            "require": {
                "php": ">=5.6"
            },
            "type": "library",
            "autoload": {
                "psr-4": {
                    "Ali\\": "src/"
                }
            },
            "notification-url": "https://packagist.org/downloads/",
            "license": [
                "MIT"
            ],
            "authors": [
                {
                    "name": "arno",
                    "email": "3178920@qq.com"
                }
            ],
            "description": "php instance trait",
            "time": "2018-05-20T07:05:14+00:00"
        }
    ],
    "packages-dev": [],
    "aliases": [],
    "minimum-stability": "stable",
    "stability-flags": [],
    "prefer-stable": false,
    "prefer-lowest": false,
    "platform": [],
    "platform-dev": []
}
