{
    "_readme": [
        "This file locks the dependencies of your project to a known state",
        "Read more about it at https://getcomposer.org/doc/01-basic-usage.md#installing-dependencies",
        "This file is @generated automatically"
    ],
    "content-hash": "7f14f99200949a6990a4bd00732067d5",
    "packages": [
        {
            "name": "boxunphp/php-library",
            "version": "v1.4",
            "source": {
                "type": "git",
                "url": "https://github.com/boxunphp/php-library.git",
                "reference": "c559dcac40f771a7631c9cad4257153bd1d5e014"
            },
            "dist": {
                "type": "zip",
                "url": "https://api.github.com/repos/boxunphp/php-library/zipball/c559dcac40f771a7631c9cad4257153bd1d5e014",
                "reference": "c559dcac40f771a7631c9cad4257153bd1d5e014",
                "shasum": "",
                "mirrors": [
                    {
                        "url": "https://mirrors.aliyun.com/composer/dists/%package%/%reference%.%type%",
                        "preferred": true
                    }
                ]
            },
            "require": {
                "php": "^7.2"
            },
            "require-dev": {
                "phpunit/phpunit": "8.*"
            },
            "type": "library",
            "autoload": {
                "psr-4": {
                    "All\\": "src/"
                }
            },
            "notification-url": "https://packagist.org/downloads/",
            "license": [
                "MIT"
            ],
            "authors": [
                {
                    "name": "Jordy",
                    "email": "arno.zheng@gmail.com"
                }
            ],
            "description": "PHP类",
            "time": "2020-05-22T03:27:22+00:00"
        }
    ],
    "packages-dev": [],
    "aliases": [],
    "minimum-stability": "stable",
    "stability-flags": [],
    "prefer-stable": false,
    "prefer-lowest": false,
    "platform": {
        "php": ">=7.2"
    },
    "platform-dev": []
}
